# THIS IS AN AUTOGENERATED FILE. DO NOT EDIT THIS FILE DIRECTLY.
# yarn lockfile v1


"@quenty/deferred@^2.0.1":
  version "2.0.1"
  resolved "https://registry.yarnpkg.com/@quenty/deferred/-/deferred-2.0.1.tgz#655013c81c79200e50255647dd4be7732811965d"
  integrity sha512-pXhRcow3nshTpD5g9JDMiaUUySyATHLdqnxHQkRZ//NcrqMaliZZFvRU8Aj8KpUxGeKE6sQll7y0S/SEyQFOaQ==

"@quenty/loader@^3.1.1":
  version "3.1.1"
  resolved "https://registry.yarnpkg.com/@quenty/loader/-/loader-3.1.1.tgz#2cdf5d6801f2af92e8fa70145cfc3bc5d9451bbd"
  integrity sha512-6sQUCxwNUz5lXYFm78QYbaKLHihsfI1q5LsT92se9CM7Yn8EGdwm46bLvbOS0sgmb4reI6s43KtxRGcGjUZERQ==

"@quenty/maid@^2.0.1":
  version "2.0.1"
  resolved "https://registry.yarnpkg.com/@quenty/maid/-/maid-2.0.1.tgz#69c390bf169986eadfbf69e614616159775f4c12"
  integrity sha512-CLF32l/+fBjQo2uLMvazzCnMj7gkctVsp6CypguJDEDSSNPjAOv1uq41TJooe5bP5Rd4c5mMstczNC9ZbF/x0Q==

"@quenty/promise@^3.2.0":
  version "3.2.0"
  resolved "https://registry.yarnpkg.com/@quenty/promise/-/promise-3.2.0.tgz#ba6db50779bcabc569e1b3ad05e6d9fc108071c4"
  integrity sha512-VJ8hj5CUa2C4+IrcUmFidPAGGtR2FKaH/0N0bGJ71JF/iajiisxKHlDb3LcFntORtdIB60vXMHVhPMQ91JddmQ==
  dependencies:
    "@quenty/deferred" "^2.0.1"
    "@quenty/loader" "^3.1.1"
    "@quenty/maid" "^2.0.1"

"@quenty/remoting@^3.2.0":
  version "3.2.0"
  resolved "https://registry.yarnpkg.com/@quenty/remoting/-/remoting-3.2.0.tgz#997aea60727efda9c330d682f5662251c21f765c"
  integrity sha512-8BYC7eBuAMo2PajqplCo1Wjfyh6TQUcshxE+B8sAGPBf82X1Rw0/Uvz0eHnEamArhEdJtKHlZ/2VkjuaWBZEuQ==
  dependencies:
    "@quenty/loader" "^3.1.1"
    "@quenty/promise" "^3.2.0"
    "@quenty/table" "^2.1.0"

"@quenty/signal@^2.0.0":
  version "2.0.0"
  resolved "https://registry.yarnpkg.com/@quenty/signal/-/signal-2.0.0.tgz#b9c9efceb0b5ce000ed712f46b4f684deeab5986"
  integrity sha512-/VkgvF/iJt9PdGtb/C6B1wab26KgCFsh76wLzqtcf91/q/2zNWbgZtgaMKDbTR87a6/Om2MFDmmTg2JiTnBX/A==

"@quenty/table@^2.1.0":
  version "2.1.0"
  resolved "https://registry.yarnpkg.com/@quenty/table/-/table-2.1.0.tgz#98620446904d5dbd90c786a3dfdf950ccd0f32a4"
  integrity sha512-jFO4I/sVxg6qABHbZSBnzU29DL3eK0Q3KUBD5EXV1b4wRi1AwyaspjQQjsFHW7uGYdW6lnuBorkk+Sj2gbqJDw==

"@quenty/timesyncservice@^3.1.1":
  version "3.2.0"
  resolved "https://registry.yarnpkg.com/@quenty/timesyncservice/-/timesyncservice-3.2.0.tgz#7c4a1070feefa369f0e06db19a37dd89ca961bd3"
  integrity sha512-BMD0BBzUr+ccgh3irll2CjKvtzcpY7AlnGoEuS2k2GT7pciVaQ9Z+Fo7SQKrxWV3tjN5j6wScnJtWuyFQ2X2UA==
  dependencies:
    "@quenty/loader" "^3.1.1"
    "@quenty/maid" "^2.0.1"
    "@quenty/promise" "^3.2.0"
    "@quenty/remoting" "^3.2.0"
    "@quenty/signal" "^2.0.0"
    "@quenty/table" "^2.1.0"
